
Microsoft Visual Studio Solution File, Format Version 12.00
# Visual Studio Version 16
VisualStudioVersion = 16.0.31019.35
MinimumVisualStudioVersion = 10.0.40219.1
Project("{9A19103F-16F7-4668-BE54-9A1E7A4F7556}") = "TrailerDownloader", "TrailerDownloader\TrailerDownloader.csproj", "{5AC66E5D-AE1D-4506-8295-CFAC39AD218F}"
EndProject
Global
	GlobalSection(SolutionConfigurationPlatforms) = preSolution
		Debug|Any CPU = Debug|Any CPU
		Release|Any CPU = Release|Any CPU
	EndGlobalSection
	GlobalSection(ProjectConfigurationPlatforms) = postSolution
		{5AC66E5D-AE1D-4506-8295-CFAC39AD218F}.Debug|Any CPU.ActiveCfg = Debug|Any CPU
		{5AC66E5D-AE1D-4506-8295-CFAC39AD218F}.Debug|Any CPU.Build.0 = Debug|Any CPU
		{5AC66E5D-AE1D-4506-8295-CFAC39AD218F}.Release|Any CPU.ActiveCfg = Release|Any CPU
		{5AC66E5D-AE1D-4506-8295-CFAC39AD218F}.Release|Any CPU.Build.0 = Release|Any CPU
	EndGlobalSection
	GlobalSection(SolutionProperties) = preSolution
		HideSolutionNode = FALSE
	EndGlobalSection
	GlobalSection(ExtensibilityGlobals) = postSolution
		SolutionGuid = {80F9E246-7FD3-43CF-9C6C-282E3B22BA98}
	EndGlobalSection
EndGlobal
