
Microsoft Visual Studio Solution File, Format Version 12.00
# Visual Studio Version 16
VisualStudioVersion = 16.0.30517.126
MinimumVisualStudioVersion = 10.0.40219.1
Project("{FAE04EC0-301F-11D3-BF4B-00C04F79EFBC}") = "TrailerDownloader", "TrailerDownloader\TrailerDownloader.csproj", "{DC07ED2B-5C90-469D-AA06-AEAB1E5A1CB5}"
EndProject
Global
	GlobalSection(SolutionConfigurationPlatforms) = preSolution
		Debug|Any CPU = Debug|Any CPU
		Release|Any CPU = Release|Any CPU
	EndGlobalSection
	GlobalSection(ProjectConfigurationPlatforms) = postSolution
		{DC07ED2B-5C90-469D-AA06-AEAB1E5A1CB5}.Debug|Any CPU.ActiveCfg = Debug|Any CPU
		{DC07ED2B-5C90-469D-AA06-AEAB1E5A1CB5}.Debug|Any CPU.Build.0 = Debug|Any CPU
		{DC07ED2B-5C90-469D-AA06-AEAB1E5A1CB5}.Release|Any CPU.ActiveCfg = Release|Any CPU
		{DC07ED2B-5C90-469D-AA06-AEAB1E5A1CB5}.Release|Any CPU.Build.0 = Release|Any CPU
	EndGlobalSection
	GlobalSection(SolutionProperties) = preSolution
		HideSolutionNode = FALSE
	EndGlobalSection
	GlobalSection(ExtensibilityGlobals) = postSolution
		SolutionGuid = {BE883A0C-30F8-4984-84BE-3ED9CF78D586}
	EndGlobalSection
EndGlobal
